
Microsoft Visual Studio Solution File, Format Version 12.00
# Visual Studio Version 16
VisualStudioVersion = 16.0.31205.134
MinimumVisualStudioVersion = 10.0.40219.1
Project("{FAE04EC0-301F-11D3-BF4B-00C04F79EFBC}") = "AnalysisOfEnvelopes", "AnalysisOfEnvelopes\AnalysisOfEnvelopes.csproj", "{A5340A60-CC16-40BE-B2BA-C90C19C35171}"
EndProject
Global
	GlobalSection(SolutionConfigurationPlatforms) = preSolution
		Debug|Any CPU = Debug|Any CPU
		Release|Any CPU = Release|Any CPU
	EndGlobalSection
	GlobalSection(ProjectConfigurationPlatforms) = postSolution
		{A5340A60-CC16-40BE-B2BA-C90C19C35171}.Debug|Any CPU.ActiveCfg = Debug|Any CPU
		{A5340A60-CC16-40BE-B2BA-C90C19C35171}.Debug|Any CPU.Build.0 = Debug|Any CPU
		{A5340A60-CC16-40BE-B2BA-C90C19C35171}.Release|Any CPU.ActiveCfg = Release|Any CPU
		{A5340A60-CC16-40BE-B2BA-C90C19C35171}.Release|Any CPU.Build.0 = Release|Any CPU
	EndGlobalSection
	GlobalSection(SolutionProperties) = preSolution
		HideSolutionNode = FALSE
	EndGlobalSection
	GlobalSection(ExtensibilityGlobals) = postSolution
		SolutionGuid = {356F6AC6-883E-4FBB-BEBD-AC273C0A44A8}
	EndGlobalSection
EndGlobal
